// !$*UTF8*$!
{
	archiveVersion = 1;
	classes = {
	};
	objectVersion = 50;
	objects = {

/* Begin PBXBuildFile section */
		756E51D8270DB79E00CF875A /* top_gamesApp.swift in Sources */ = {isa = PBXBuildFile; fileRef = 756E51D7270DB79E00CF875A /* top_gamesApp.swift */; };
		756E51DC270DB7A000CF875A /* Assets.xcassets in Resources */ = {isa = PBXBuildFile; fileRef = 756E51DB270DB7A000CF875A /* Assets.xcassets */; };
		756E51DF270DB7A000CF875A /* Preview Assets.xcassets in Resources */ = {isa = PBXBuildFile; fileRef = 756E51DE270DB7A000CF875A /* Preview Assets.xcassets */; };
		756E51E8270DB86400CF875A /* GamesViewModel.swift in Sources */ = {isa = PBXBuildFile; fileRef = 756E51E7270DB86400CF875A /* GamesViewModel.swift */; };
		756E51EA270DB89100CF875A /* GamesView.swift in Sources */ = {isa = PBXBuildFile; fileRef = 756E51E9270DB89100CF875A /* GamesView.swift */; };
		756E51ED270DBA7D00CF875A /* GamesResponse.swift in Sources */ = {isa = PBXBuildFile; fileRef = 756E51EC270DBA7D00CF875A /* GamesResponse.swift */; };
		75713E9B274279DB006366E1 /* GameCardView.swift in Sources */ = {isa = PBXBuildFile; fileRef = 75713E9A274279DB006366E1 /* GameCardView.swift */; };
		75713E9E274294E0006366E1 /* ImageLoader.swift in Sources */ = {isa = PBXBuildFile; fileRef = 75713E9D274294E0006366E1 /* ImageLoader.swift */; };
		75713EA027429521006366E1 /* AsyncImage.swift in Sources */ = {isa = PBXBuildFile; fileRef = 75713E9F27429521006366E1 /* AsyncImage.swift */; };
		75713EA22743EBB2006366E1 /* ImageCache.swift in Sources */ = {isa = PBXBuildFile; fileRef = 75713EA12743EBB2006366E1 /* ImageCache.swift */; };
		75919B632749097900B1A58D /* PlatformsView.swift in Sources */ = {isa = PBXBuildFile; fileRef = 75919B622749097900B1A58D /* PlatformsView.swift */; };
		75919B6527490E4000B1A58D /* RatingsView.swift in Sources */ = {isa = PBXBuildFile; fileRef = 75919B6427490E4000B1A58D /* RatingsView.swift */; };
		75919B69274ABF2F00B1A58D /* Spinner.swift in Sources */ = {isa = PBXBuildFile; fileRef = 75919B68274ABF2F00B1A58D /* Spinner.swift */; };
		75AA23B9273D849500FC0ECB /* Requestable.swift in Sources */ = {isa = PBXBuildFile; fileRef = 75AA23B8273D849500FC0ECB /* Requestable.swift */; };
		75AA23BB273D85C000FC0ECB /* NativeRequestable.swift in Sources */ = {isa = PBXBuildFile; fileRef = 75AA23BA273D85C000FC0ECB /* NativeRequestable.swift */; };
		75AA23BD273D861D00FC0ECB /* NetworkRequest.swift in Sources */ = {isa = PBXBuildFile; fileRef = 75AA23BC273D861D00FC0ECB /* NetworkRequest.swift */; };
		75AA23BF273D874A00FC0ECB /* DataServiceEndpoints.swift in Sources */ = {isa = PBXBuildFile; fileRef = 75AA23BE273D874A00FC0ECB /* DataServiceEndpoints.swift */; };
		75AA23C1273D87D900FC0ECB /* RAWG.swift in Sources */ = {isa = PBXBuildFile; fileRef = 75AA23C0273D87D900FC0ECB /* RAWG.swift */; };
		75AA23C3273D8C1100FC0ECB /* DataService.swift in Sources */ = {isa = PBXBuildFile; fileRef = 75AA23C2273D8C1100FC0ECB /* DataService.swift */; };
/* End PBXBuildFile section */

/* Begin PBXFileReference section */
		756E51D4270DB79E00CF875A /* top-games.app */ = {isa = PBXFileReference; explicitFileType = wrapper.application; includeInIndex = 0; path = "top-games.app"; sourceTree = BUILT_PRODUCTS_DIR; };
		756E51D7270DB79E00CF875A /* top_gamesApp.swift */ = {isa = PBXFileReference; lastKnownFileType = sourcecode.swift; path = top_gamesApp.swift; sourceTree = "<group>"; };
		756E51DB270DB7A000CF875A /* Assets.xcassets */ = {isa = PBXFileReference; lastKnownFileType = folder.assetcatalog; path = Assets.xcassets; sourceTree = "<group>"; };
		756E51DE270DB7A000CF875A /* Preview Assets.xcassets */ = {isa = PBXFileReference; lastKnownFileType = folder.assetcatalog; path = "Preview Assets.xcassets"; sourceTree = "<group>"; };
		756E51E0270DB7A000CF875A /* Info.plist */ = {isa = PBXFileReference; lastKnownFileType = text.plist.xml; path = Info.plist; sourceTree = "<group>"; };
		756E51E7270DB86400CF875A /* GamesViewModel.swift */ = {isa = PBXFileReference; lastKnownFileType = sourcecode.swift; path = GamesViewModel.swift; sourceTree = "<group>"; };
		756E51E9270DB89100CF875A /* GamesView.swift */ = {isa = PBXFileReference; lastKnownFileType = sourcecode.swift; path = GamesView.swift; sourceTree = "<group>"; };
		756E51EC270DBA7D00CF875A /* GamesResponse.swift */ = {isa = PBXFileReference; lastKnownFileType = sourcecode.swift; path = GamesResponse.swift; sourceTree = "<group>"; };
		75713E9A274279DB006366E1 /* GameCardView.swift */ = {isa = PBXFileReference; lastKnownFileType = sourcecode.swift; path = GameCardView.swift; sourceTree = "<group>"; };
		75713E9D274294E0006366E1 /* ImageLoader.swift */ = {isa = PBXFileReference; lastKnownFileType = sourcecode.swift; path = ImageLoader.swift; sourceTree = "<group>"; };
		75713E9F27429521006366E1 /* AsyncImage.swift */ = {isa = PBXFileReference; lastKnownFileType = sourcecode.swift; path = AsyncImage.swift; sourceTree = "<group>"; };
		75713EA12743EBB2006366E1 /* ImageCache.swift */ = {isa = PBXFileReference; lastKnownFileType = sourcecode.swift; path = ImageCache.swift; sourceTree = "<group>"; };
		75919B622749097900B1A58D /* PlatformsView.swift */ = {isa = PBXFileReference; lastKnownFileType = sourcecode.swift; path = PlatformsView.swift; sourceTree = "<group>"; };
		75919B6427490E4000B1A58D /* RatingsView.swift */ = {isa = PBXFileReference; lastKnownFileType = sourcecode.swift; path = RatingsView.swift; sourceTree = "<group>"; };
		75919B68274ABF2F00B1A58D /* Spinner.swift */ = {isa = PBXFileReference; lastKnownFileType = sourcecode.swift; path = Spinner.swift; sourceTree = "<group>"; };
		75AA23B8273D849500FC0ECB /* Requestable.swift */ = {isa = PBXFileReference; lastKnownFileType = sourcecode.swift; path = Requestable.swift; sourceTree = "<group>"; };
		75AA23BA273D85C000FC0ECB /* NativeRequestable.swift */ = {isa = PBXFileReference; lastKnownFileType = sourcecode.swift; path = NativeRequestable.swift; sourceTree = "<group>"; };
		75AA23BC273D861D00FC0ECB /* NetworkRequest.swift */ = {isa = PBXFileReference; lastKnownFileType = sourcecode.swift; path = NetworkRequest.swift; sourceTree = "<group>"; };
		75AA23BE273D874A00FC0ECB /* DataServiceEndpoints.swift */ = {isa = PBXFileReference; lastKnownFileType = sourcecode.swift; path = DataServiceEndpoints.swift; sourceTree = "<group>"; };
		75AA23C0273D87D900FC0ECB /* RAWG.swift */ = {isa = PBXFileReference; lastKnownFileType = sourcecode.swift; path = RAWG.swift; sourceTree = "<group>"; };
		75AA23C2273D8C1100FC0ECB /* DataService.swift */ = {isa = PBXFileReference; lastKnownFileType = sourcecode.swift; path = DataService.swift; sourceTree = "<group>"; };
/* End PBXFileReference section */

/* Begin PBXFrameworksBuildPhase section */
		756E51D1270DB79E00CF875A /* Frameworks */ = {
			isa = PBXFrameworksBuildPhase;
			buildActionMask = 2147483647;
			files = (
			);
			runOnlyForDeploymentPostprocessing = 0;
		};
/* End PBXFrameworksBuildPhase section */

/* Begin PBXGroup section */
		756E51CB270DB79E00CF875A = {
			isa = PBXGroup;
			children = (
				756E51D6270DB79E00CF875A /* top-games */,
				756E51D5270DB79E00CF875A /* Products */,
			);
			sourceTree = "<group>";
		};
		756E51D5270DB79E00CF875A /* Products */ = {
			isa = PBXGroup;
			children = (
				756E51D4270DB79E00CF875A /* top-games.app */,
			);
			name = Products;
			sourceTree = "<group>";
		};
		756E51D6270DB79E00CF875A /* top-games */ = {
			isa = PBXGroup;
			children = (
				75713E9C27428F38006366E1 /* Asynchronous Image Loader */,
				75AA23B7273D834A00FC0ECB /* Network Layer */,
				75AA23B5273ABF7600FC0ECB /* Model */,
				756E51E6270DB84600CF875A /* GameList */,
				756E51D7270DB79E00CF875A /* top_gamesApp.swift */,
				756E51DB270DB7A000CF875A /* Assets.xcassets */,
				756E51E0270DB7A000CF875A /* Info.plist */,
				756E51DD270DB7A000CF875A /* Preview Content */,
			);
			path = "top-games";
			sourceTree = "<group>";
		};
		756E51DD270DB7A000CF875A /* Preview Content */ = {
			isa = PBXGroup;
			children = (
				756E51DE270DB7A000CF875A /* Preview Assets.xcassets */,
			);
			path = "Preview Content";
			sourceTree = "<group>";
		};
		756E51E6270DB84600CF875A /* GameList */ = {
			isa = PBXGroup;
			children = (
				756E51E9270DB89100CF875A /* GamesView.swift */,
				756E51E7270DB86400CF875A /* GamesViewModel.swift */,
				75713E9A274279DB006366E1 /* GameCardView.swift */,
				75919B622749097900B1A58D /* PlatformsView.swift */,
				75919B6427490E4000B1A58D /* RatingsView.swift */,
				75919B68274ABF2F00B1A58D /* Spinner.swift */,
			);
			path = GameList;
			sourceTree = "<group>";
		};
		75713E9C27428F38006366E1 /* Asynchronous Image Loader */ = {
			isa = PBXGroup;
			children = (
				75713E9D274294E0006366E1 /* ImageLoader.swift */,
				75713E9F27429521006366E1 /* AsyncImage.swift */,
				75713EA12743EBB2006366E1 /* ImageCache.swift */,
			);
			path = "Asynchronous Image Loader";
			sourceTree = "<group>";
		};
		75AA23B5273ABF7600FC0ECB /* Model */ = {
			isa = PBXGroup;
			children = (
				756E51EC270DBA7D00CF875A /* GamesResponse.swift */,
			);
			path = Model;
			sourceTree = "<group>";
		};
		75AA23B7273D834A00FC0ECB /* Network Layer */ = {
			isa = PBXGroup;
			children = (
				75AA23B8273D849500FC0ECB /* Requestable.swift */,
				75AA23BA273D85C000FC0ECB /* NativeRequestable.swift */,
				75AA23BC273D861D00FC0ECB /* NetworkRequest.swift */,
				75AA23BE273D874A00FC0ECB /* DataServiceEndpoints.swift */,
				75AA23C0273D87D900FC0ECB /* RAWG.swift */,
				75AA23C2273D8C1100FC0ECB /* DataService.swift */,
			);
			path = "Network Layer";
			sourceTree = "<group>";
		};
/* End PBXGroup section */

/* Begin PBXNativeTarget section */
		756E51D3270DB79E00CF875A /* top-games */ = {
			isa = PBXNativeTarget;
			buildConfigurationList = 756E51E3270DB7A000CF875A /* Build configuration list for PBXNativeTarget "top-games" */;
			buildPhases = (
				756E51D0270DB79E00CF875A /* Sources */,
				756E51D1270DB79E00CF875A /* Frameworks */,
				756E51D2270DB79E00CF875A /* Resources */,
			);
			buildRules = (
			);
			dependencies = (
			);
			name = "top-games";
			productName = "top-games";
			productReference = 756E51D4270DB79E00CF875A /* top-games.app */;
			productType = "com.apple.product-type.application";
		};
/* End PBXNativeTarget section */

/* Begin PBXProject section */
		756E51CC270DB79E00CF875A /* Project object */ = {
			isa = PBXProject;
			attributes = {
				LastSwiftUpdateCheck = 1250;
				LastUpgradeCheck = 1250;
				TargetAttributes = {
					756E51D3270DB79E00CF875A = {
						CreatedOnToolsVersion = 12.5.1;
					};
				};
			};
			buildConfigurationList = 756E51CF270DB79E00CF875A /* Build configuration list for PBXProject "top-games" */;
			compatibilityVersion = "Xcode 9.3";
			developmentRegion = en;
			hasScannedForEncodings = 0;
			knownRegions = (
				en,
				Base,
			);
			mainGroup = 756E51CB270DB79E00CF875A;
			productRefGroup = 756E51D5270DB79E00CF875A /* Products */;
			projectDirPath = "";
			projectRoot = "";
			targets = (
				756E51D3270DB79E00CF875A /* top-games */,
			);
		};
/* End PBXProject section */

/* Begin PBXResourcesBuildPhase section */
		756E51D2270DB79E00CF875A /* Resources */ = {
			isa = PBXResourcesBuildPhase;
			buildActionMask = 2147483647;
			files = (
				756E51DF270DB7A000CF875A /* Preview Assets.xcassets in Resources */,
				756E51DC270DB7A000CF875A /* Assets.xcassets in Resources */,
			);
			runOnlyForDeploymentPostprocessing = 0;
		};
/* End PBXResourcesBuildPhase section */

/* Begin PBXSourcesBuildPhase section */
		756E51D0270DB79E00CF875A /* Sources */ = {
			isa = PBXSourcesBuildPhase;
			buildActionMask = 2147483647;
			files = (
				75919B632749097900B1A58D /* PlatformsView.swift in Sources */,
				75713E9B274279DB006366E1 /* GameCardView.swift in Sources */,
				75AA23BF273D874A00FC0ECB /* DataServiceEndpoints.swift in Sources */,
				75713E9E274294E0006366E1 /* ImageLoader.swift in Sources */,
				756E51E8270DB86400CF875A /* GamesViewModel.swift in Sources */,
				756E51ED270DBA7D00CF875A /* GamesResponse.swift in Sources */,
				75AA23C1273D87D900FC0ECB /* RAWG.swift in Sources */,
				75AA23B9273D849500FC0ECB /* Requestable.swift in Sources */,
				75AA23BB273D85C000FC0ECB /* NativeRequestable.swift in Sources */,
				75AA23C3273D8C1100FC0ECB /* DataService.swift in Sources */,
				756E51EA270DB89100CF875A /* GamesView.swift in Sources */,
				756E51D8270DB79E00CF875A /* top_gamesApp.swift in Sources */,
				75713EA027429521006366E1 /* AsyncImage.swift in Sources */,
				75713EA22743EBB2006366E1 /* ImageCache.swift in Sources */,
				75AA23BD273D861D00FC0ECB /* NetworkRequest.swift in Sources */,
				75919B6527490E4000B1A58D /* RatingsView.swift in Sources */,
				75919B69274ABF2F00B1A58D /* Spinner.swift in Sources */,
			);
			runOnlyForDeploymentPostprocessing = 0;
		};
/* End PBXSourcesBuildPhase section */

/* Begin XCBuildConfiguration section */
		756E51E1270DB7A000CF875A /* Debug */ = {
			isa = XCBuildConfiguration;
			buildSettings = {
				ALWAYS_SEARCH_USER_PATHS = NO;
				CLANG_ANALYZER_NONNULL = YES;
				CLANG_ANALYZER_NUMBER_OBJECT_CONVERSION = YES_AGGRESSIVE;
				CLANG_CXX_LANGUAGE_STANDARD = "gnu++14";
				CLANG_CXX_LIBRARY = "libc++";
				CLANG_ENABLE_MODULES = YES;
				CLANG_ENABLE_OBJC_ARC = YES;
				CLANG_ENABLE_OBJC_WEAK = YES;
				CLANG_WARN_BLOCK_CAPTURE_AUTORELEASING = YES;
				CLANG_WARN_BOOL_CONVERSION = YES;
				CLANG_WARN_COMMA = YES;
				CLANG_WARN_CONSTANT_CONVERSION = YES;
				CLANG_WARN_DEPRECATED_OBJC_IMPLEMENTATIONS = YES;
				CLANG_WARN_DIRECT_OBJC_ISA_USAGE = YES_ERROR;
				CLANG_WARN_DOCUMENTATION_COMMENTS = YES;
				CLANG_WARN_EMPTY_BODY = YES;
				CLANG_WARN_ENUM_CONVERSION = YES;
				CLANG_WARN_INFINITE_RECURSION = YES;
				CLANG_WARN_INT_CONVERSION = YES;
				CLANG_WARN_NON_LITERAL_NULL_CONVERSION = YES;
				CLANG_WARN_OBJC_IMPLICIT_RETAIN_SELF = YES;
				CLANG_WARN_OBJC_LITERAL_CONVERSION = YES;
				CLANG_WARN_OBJC_ROOT_CLASS = YES_ERROR;
				CLANG_WARN_QUOTED_INCLUDE_IN_FRAMEWORK_HEADER = YES;
				CLANG_WARN_RANGE_LOOP_ANALYSIS = YES;
				CLANG_WARN_STRICT_PROTOTYPES = YES;
				CLANG_WARN_SUSPICIOUS_MOVE = YES;
				CLANG_WARN_UNGUARDED_AVAILABILITY = YES_AGGRESSIVE;
				CLANG_WARN_UNREACHABLE_CODE = YES;
				CLANG_WARN__DUPLICATE_METHOD_MATCH = YES;
				COPY_PHASE_STRIP = NO;
				DEBUG_INFORMATION_FORMAT = dwarf;
				ENABLE_STRICT_OBJC_MSGSEND = YES;
				ENABLE_TESTABILITY = YES;
				GCC_C_LANGUAGE_STANDARD = gnu11;
				GCC_DYNAMIC_NO_PIC = NO;
				GCC_NO_COMMON_BLOCKS = YES;
				GCC_OPTIMIZATION_LEVEL = 0;
				GCC_PREPROCESSOR_DEFINITIONS = (
					"DEBUG=1",
					"$(inherited)",
				);
				GCC_WARN_64_TO_32_BIT_CONVERSION = YES;
				GCC_WARN_ABOUT_RETURN_TYPE = YES_ERROR;
				GCC_WARN_UNDECLARED_SELECTOR = YES;
				GCC_WARN_UNINITIALIZED_AUTOS = YES_AGGRESSIVE;
				GCC_WARN_UNUSED_FUNCTION = YES;
				GCC_WARN_UNUSED_VARIABLE = YES;
				IPHONEOS_DEPLOYMENT_TARGET = 14.5;
				MTL_ENABLE_DEBUG_INFO = INCLUDE_SOURCE;
				MTL_FAST_MATH = YES;
				ONLY_ACTIVE_ARCH = YES;
				SDKROOT = iphoneos;
				SWIFT_ACTIVE_COMPILATION_CONDITIONS = DEBUG;
				SWIFT_OPTIMIZATION_LEVEL = "-Onone";
			};
			name = Debug;
		};
		756E51E2270DB7A000CF875A /* Release */ = {
			isa = XCBuildConfiguration;
			buildSettings = {
				ALWAYS_SEARCH_USER_PATHS = NO;
				CLANG_ANALYZER_NONNULL = YES;
				CLANG_ANALYZER_NUMBER_OBJECT_CONVERSION = YES_AGGRESSIVE;
				CLANG_CXX_LANGUAGE_STANDARD = "gnu++14";
				CLANG_CXX_LIBRARY = "libc++";
				CLANG_ENABLE_MODULES = YES;
				CLANG_ENABLE_OBJC_ARC = YES;
				CLANG_ENABLE_OBJC_WEAK = YES;
				CLANG_WARN_BLOCK_CAPTURE_AUTORELEASING = YES;
				CLANG_WARN_BOOL_CONVERSION = YES;
				CLANG_WARN_COMMA = YES;
				CLANG_WARN_CONSTANT_CONVERSION = YES;
				CLANG_WARN_DEPRECATED_OBJC_IMPLEMENTATIONS = YES;
				CLANG_WARN_DIRECT_OBJC_ISA_USAGE = YES_ERROR;
				CLANG_WARN_DOCUMENTATION_COMMENTS = YES;
				CLANG_WARN_EMPTY_BODY = YES;
				CLANG_WARN_ENUM_CONVERSION = YES;
				CLANG_WARN_INFINITE_RECURSION = YES;
				CLANG_WARN_INT_CONVERSION = YES;
				CLANG_WARN_NON_LITERAL_NULL_CONVERSION = YES;
				CLANG_WARN_OBJC_IMPLICIT_RETAIN_SELF = YES;
				CLANG_WARN_OBJC_LITERAL_CONVERSION = YES;
				CLANG_WARN_OBJC_ROOT_CLASS = YES_ERROR;
				CLANG_WARN_QUOTED_INCLUDE_IN_FRAMEWORK_HEADER = YES;
				CLANG_WARN_RANGE_LOOP_ANALYSIS = YES;
				CLANG_WARN_STRICT_PROTOTYPES = YES;
				CLANG_WARN_SUSPICIOUS_MOVE = YES;
				CLANG_WARN_UNGUARDED_AVAILABILITY = YES_AGGRESSIVE;
				CLANG_WARN_UNREACHABLE_CODE = YES;
				CLANG_WARN__DUPLICATE_METHOD_MATCH = YES;
				COPY_PHASE_STRIP = NO;
				DEBUG_INFORMATION_FORMAT = "dwarf-with-dsym";
				ENABLE_NS_ASSERTIONS = NO;
				ENABLE_STRICT_OBJC_MSGSEND = YES;
				GCC_C_LANGUAGE_STANDARD = gnu11;
				GCC_NO_COMMON_BLOCKS = YES;
				GCC_WARN_64_TO_32_BIT_CONVERSION = YES;
				GCC_WARN_ABOUT_RETURN_TYPE = YES_ERROR;
				GCC_WARN_UNDECLARED_SELECTOR = YES;
				GCC_WARN_UNINITIALIZED_AUTOS = YES_AGGRESSIVE;
				GCC_WARN_UNUSED_FUNCTION = YES;
				GCC_WARN_UNUSED_VARIABLE = YES;
				IPHONEOS_DEPLOYMENT_TARGET = 14.5;
				MTL_ENABLE_DEBUG_INFO = NO;
				MTL_FAST_MATH = YES;
				SDKROOT = iphoneos;
				SWIFT_COMPILATION_MODE = wholemodule;
				SWIFT_OPTIMIZATION_LEVEL = "-O";
				VALIDATE_PRODUCT = YES;
			};
			name = Release;
		};
		756E51E4270DB7A000CF875A /* Debug */ = {
			isa = XCBuildConfiguration;
			buildSettings = {
				ASSETCATALOG_COMPILER_APPICON_NAME = AppIcon;
				ASSETCATALOG_COMPILER_GLOBAL_ACCENT_COLOR_NAME = AccentColor;
				CODE_SIGN_STYLE = Automatic;
				DEVELOPMENT_ASSET_PATHS = "\"top-games/Preview Content\"";
				ENABLE_PREVIEWS = YES;
				INFOPLIST_FILE = "top-games/Info.plist";
				IPHONEOS_DEPLOYMENT_TARGET = 14.0;
				LD_RUNPATH_SEARCH_PATHS = (
					"$(inherited)",
					"@executable_path/Frameworks",
				);
				PRODUCT_BUNDLE_IDENTIFIER = "project.smaple.top-games";
				PRODUCT_NAME = "$(TARGET_NAME)";
				SWIFT_VERSION = 5.0;
				TARGETED_DEVICE_FAMILY = "1,2";
			};
			name = Debug;
		};
		756E51E5270DB7A000CF875A /* Release */ = {
			isa = XCBuildConfiguration;
			buildSettings = {
				ASSETCATALOG_COMPILER_APPICON_NAME = AppIcon;
				ASSETCATALOG_COMPILER_GLOBAL_ACCENT_COLOR_NAME = AccentColor;
				CODE_SIGN_STYLE = Automatic;
				DEVELOPMENT_ASSET_PATHS = "\"top-games/Preview Content\"";
				ENABLE_PREVIEWS = YES;
				INFOPLIST_FILE = "top-games/Info.plist";
				IPHONEOS_DEPLOYMENT_TARGET = 14.0;
				LD_RUNPATH_SEARCH_PATHS = (
					"$(inherited)",
					"@executable_path/Frameworks",
				);
				PRODUCT_BUNDLE_IDENTIFIER = "project.smaple.top-games";
				PRODUCT_NAME = "$(TARGET_NAME)";
				SWIFT_VERSION = 5.0;
				TARGETED_DEVICE_FAMILY = "1,2";
			};
			name = Release;
		};
/* End XCBuildConfiguration section */

/* Begin XCConfigurationList section */
		756E51CF270DB79E00CF875A /* Build configuration list for PBXProject "top-games" */ = {
			isa = XCConfigurationList;
			buildConfigurations = (
				756E51E1270DB7A000CF875A /* Debug */,
				756E51E2270DB7A000CF875A /* Release */,
			);
			defaultConfigurationIsVisible = 0;
			defaultConfigurationName = Release;
		};
		756E51E3270DB7A000CF875A /* Build configuration list for PBXNativeTarget "top-games" */ = {
			isa = XCConfigurationList;
			buildConfigurations = (
				756E51E4270DB7A000CF875A /* Debug */,
				756E51E5270DB7A000CF875A /* Release */,
			);
			defaultConfigurationIsVisible = 0;
			defaultConfigurationName = Release;
		};
/* End XCConfigurationList section */
	};
	rootObject = 756E51CC270DB79E00CF875A /* Project object */;
}
